
Microsoft Visual Studio Solution File, Format Version 9.00
# Visual Studio 2005
Project("{8BC9CEB8-8B4A-11D0-8D11-00A0C91BC942}") = "GUI", "sources\GUI\GUI.vcproj", "{759BD0F4-2B39-4F27-91E0-8C988CC89734}"
EndProject
Project("{8BC9CEB8-8B4A-11D0-8D11-00A0C91BC942}") = "Parser", "sources\Parser\Parser.vcproj", "{14836C45-4B17-4783-BF4F-DCD557C099A9}"
EndProject
Project("{8BC9CEB8-8B4A-11D0-8D11-00A0C91BC942}") = "Analysis", "sources\Analysis\Analysis.vcproj", "{481E1B8B-2F6B-4952-8D65-5121BFB42C50}"
EndProject
Project("{8BC9CEB8-8B4A-11D0-8D11-00A0C91BC942}") = "Utils", "sources\Utils\Utils.vcproj", "{21E81E7E-0E8B-4CBB-BBFB-9319CCA98EC4}"
EndProject
Project("{8BC9CEB8-8B4A-11D0-8D11-00A0C91BC942}") = "UnitTest", "sources\UnitTest\UnitTest.vcproj", "{A93B99CA-DC51-4B2F-803E-849B4B065CE3}"
	ProjectSection(ProjectDependencies) = postProject
		{03E8B925-90BF-4287-A5A6-3E1C811250ED} = {03E8B925-90BF-4287-A5A6-3E1C811250ED}
		{14836C45-4B17-4783-BF4F-DCD557C099A9} = {14836C45-4B17-4783-BF4F-DCD557C099A9}
		{21E81E7E-0E8B-4CBB-BBFB-9319CCA98EC4} = {21E81E7E-0E8B-4CBB-BBFB-9319CCA98EC4}
		{481E1B8B-2F6B-4952-8D65-5121BFB42C50} = {481E1B8B-2F6B-4952-8D65-5121BFB42C50}
		{04D4EEAD-2118-4889-9D9D-620C7C46F8ED} = {04D4EEAD-2118-4889-9D9D-620C7C46F8ED}
		{759BD0F4-2B39-4F27-91E0-8C988CC89734} = {759BD0F4-2B39-4F27-91E0-8C988CC89734}
	EndProjectSection
EndProject
Project("{8BC9CEB8-8B4A-11D0-8D11-00A0C91BC942}") = "Layout", "sources\Layout\Layout.vcproj", "{03E8B925-90BF-4287-A5A6-3E1C811250ED}"
EndProject
Project("{8BC9CEB8-8B4A-11D0-8D11-00A0C91BC942}") = "Graph", "sources\Graph\Graph.vcproj", "{04D4EEAD-2118-4889-9D9D-620C7C46F8ED}"
EndProject
Global
	GlobalSection(SolutionConfigurationPlatforms) = preSolution
		Debug|Win32 = Debug|Win32
		Release|Win32 = Release|Win32
	EndGlobalSection
	GlobalSection(ProjectConfigurationPlatforms) = postSolution
		{759BD0F4-2B39-4F27-91E0-8C988CC89734}.Debug|Win32.ActiveCfg = Debug|Win32
		{759BD0F4-2B39-4F27-91E0-8C988CC89734}.Debug|Win32.Build.0 = Debug|Win32
		{759BD0F4-2B39-4F27-91E0-8C988CC89734}.Release|Win32.ActiveCfg = Release|Win32
		{759BD0F4-2B39-4F27-91E0-8C988CC89734}.Release|Win32.Build.0 = Release|Win32
		{14836C45-4B17-4783-BF4F-DCD557C099A9}.Debug|Win32.ActiveCfg = Debug|Win32
		{14836C45-4B17-4783-BF4F-DCD557C099A9}.Debug|Win32.Build.0 = Debug|Win32
		{14836C45-4B17-4783-BF4F-DCD557C099A9}.Release|Win32.ActiveCfg = Release|Win32
		{14836C45-4B17-4783-BF4F-DCD557C099A9}.Release|Win32.Build.0 = Release|Win32
		{481E1B8B-2F6B-4952-8D65-5121BFB42C50}.Debug|Win32.ActiveCfg = Debug|Win32
		{481E1B8B-2F6B-4952-8D65-5121BFB42C50}.Debug|Win32.Build.0 = Debug|Win32
		{481E1B8B-2F6B-4952-8D65-5121BFB42C50}.Release|Win32.ActiveCfg = Release|Win32
		{481E1B8B-2F6B-4952-8D65-5121BFB42C50}.Release|Win32.Build.0 = Release|Win32
		{21E81E7E-0E8B-4CBB-BBFB-9319CCA98EC4}.Debug|Win32.ActiveCfg = Debug|Win32
		{21E81E7E-0E8B-4CBB-BBFB-9319CCA98EC4}.Debug|Win32.Build.0 = Debug|Win32
		{21E81E7E-0E8B-4CBB-BBFB-9319CCA98EC4}.Release|Win32.ActiveCfg = Release|Win32
		{21E81E7E-0E8B-4CBB-BBFB-9319CCA98EC4}.Release|Win32.Build.0 = Release|Win32
		{A93B99CA-DC51-4B2F-803E-849B4B065CE3}.Debug|Win32.ActiveCfg = Debug|Win32
		{A93B99CA-DC51-4B2F-803E-849B4B065CE3}.Debug|Win32.Build.0 = Debug|Win32
		{A93B99CA-DC51-4B2F-803E-849B4B065CE3}.Release|Win32.ActiveCfg = Release|Win32
		{A93B99CA-DC51-4B2F-803E-849B4B065CE3}.Release|Win32.Build.0 = Release|Win32
		{03E8B925-90BF-4287-A5A6-3E1C811250ED}.Debug|Win32.ActiveCfg = Debug|Win32
		{03E8B925-90BF-4287-A5A6-3E1C811250ED}.Debug|Win32.Build.0 = Debug|Win32
		{03E8B925-90BF-4287-A5A6-3E1C811250ED}.Release|Win32.ActiveCfg = Release|Win32
		{03E8B925-90BF-4287-A5A6-3E1C811250ED}.Release|Win32.Build.0 = Release|Win32
		{04D4EEAD-2118-4889-9D9D-620C7C46F8ED}.Debug|Win32.ActiveCfg = Debug|Win32
		{04D4EEAD-2118-4889-9D9D-620C7C46F8ED}.Debug|Win32.Build.0 = Debug|Win32
		{04D4EEAD-2118-4889-9D9D-620C7C46F8ED}.Release|Win32.ActiveCfg = Release|Win32
		{04D4EEAD-2118-4889-9D9D-620C7C46F8ED}.Release|Win32.Build.0 = Release|Win32
	EndGlobalSection
	GlobalSection(SolutionProperties) = preSolution
		HideSolutionNode = FALSE
	EndGlobalSection
EndGlobal
